
Microsoft Visual Studio Solution File, Format Version 12.00
# Visual Studio Version 17
VisualStudioVersion = 17.5.002.0
MinimumVisualStudioVersion = 10.0.40219.1
Project("{2150E333-8FDC-42A3-9474-1A3956D46DE8}") = "src", "src", "{3FEDCBC2-D91E-4E85-952E-63C63143947C}"
EndProject
Project("{9A19103F-16F7-4668-BE54-9A1E7A4F7556}") = "ItemPoser", "src\ItemPoser\ItemPoser.csproj", "{43CE4940-2D2D-4D5D-A54A-045ED32B13EF}"
EndProject
Global
	GlobalSection(SolutionConfigurationPlatforms) = preSolution
		Debug|Any CPU = Debug|Any CPU
		Release|Any CPU = Release|Any CPU
	EndGlobalSection
	GlobalSection(ProjectConfigurationPlatforms) = postSolution
		{43CE4940-2D2D-4D5D-A54A-045ED32B13EF}.Debug|Any CPU.ActiveCfg = Debug|Any CPU
		{43CE4940-2D2D-4D5D-A54A-045ED32B13EF}.Debug|Any CPU.Build.0 = Debug|Any CPU
		{43CE4940-2D2D-4D5D-A54A-045ED32B13EF}.Release|Any CPU.ActiveCfg = Release|Any CPU
		{43CE4940-2D2D-4D5D-A54A-045ED32B13EF}.Release|Any CPU.Build.0 = Release|Any CPU
	EndGlobalSection
	GlobalSection(SolutionProperties) = preSolution
		HideSolutionNode = FALSE
	EndGlobalSection
	GlobalSection(NestedProjects) = preSolution
		{43CE4940-2D2D-4D5D-A54A-045ED32B13EF} = {3FEDCBC2-D91E-4E85-952E-63C63143947C}
	EndGlobalSection
	GlobalSection(ExtensibilityGlobals) = postSolution
		SolutionGuid = {92F6D475-68F0-44D6-A1AF-A28F5948E381}
	EndGlobalSection
EndGlobal
